<?xml version="1.0" encoding="utf-8"?>
<Project ToolsVersion="4.0" xmlns="http://schemas.microsoft.com/developer/msbuild/2003">
  <ItemGroup>
    <Filter Include="소스 파일">
      <UniqueIdentifier>{4FC737F1-C7A5-4376-A066-2A32D752A2FF}</UniqueIdentifier>
      <Extensions>cpp;c;cc;cxx;def;odl;idl;hpj;bat;asm;asmx</Extensions>
    </Filter>
    <Filter Include="헤더 파일">
      <UniqueIdentifier>{93995380-89BD-4b04-88EB-625FBE52EBFB}</UniqueIdentifier>
      <Extensions>h;hh;hpp;hxx;hm;inl;inc;xsd</Extensions>
    </Filter>
    <Filter Include="리소스 파일">
      <UniqueIdentifier>{67DA6AB6-F800-4c08-8B7A-83BB121AAD01}</UniqueIdentifier>
      <Extensions>rc;ico;cur;bmp;dlg;rc2;rct;bin;rgs;gif;jpg;jpeg;jpe;resx;tiff;tif;png;wav;mfcribbon-ms</Extensions>
    </Filter>
    <Filter Include="소스 파일\unittest">
      <UniqueIdentifier>{d8085b36-246e-4a5f-a13b-f7ba9681d430}</UniqueIdentifier>
    </Filter>
    <Filter Include="헤더 파일\unittest">
      <UniqueIdentifier>{2e4c2ef8-eded-47b1-acc9-9a2bda906c93}</UniqueIdentifier>
    </Filter>
  </ItemGroup>
  <ItemGroup>
    <ClInclude Include="src\Spinlock.hpp">
      <Filter>헤더 파일</Filter>
    </ClInclude>
    <ClInclude Include="src\Singleton.hpp">
      <Filter>헤더 파일</Filter>
    </ClInclude>
    <ClInclude Include="src\unittest\App.hpp">
      <Filter>헤더 파일\unittest</Filter>
    </ClInclude>
  </ItemGroup>
  <ItemGroup>
    <ClCompile Include="src\unittest\App.cpp">
      <Filter>소스 파일\unittest</Filter>
    </ClCompile>
    <ClCompile Include="src\Spinlock.cpp">
      <Filter>소스 파일</Filter>
    </ClCompile>
  </ItemGroup>
</Project>